// !$*UTF8*$!
{
	archiveVersion = 1;
	classes = {
	};
	objectVersion = 46;
	objects = {

/* Begin PBXBuildFile section */
		2E57862F1BD5D40700C7B8FC /* main.m in Sources */ = {isa = PBXBuildFile; fileRef = 2E57862E1BD5D40700C7B8FC /* main.m */; };
		2E5786321BD5D40700C7B8FC /* AppDelegate.m in Sources */ = {isa = PBXBuildFile; fileRef = 2E5786311BD5D40700C7B8FC /* AppDelegate.m */; };
		2E5786351BD5D40700C7B8FC /* ViewController.m in Sources */ = {isa = PBXBuildFile; fileRef = 2E5786341BD5D40700C7B8FC /* ViewController.m */; };
		2E5786381BD5D40700C7B8FC /* Main.storyboard in Resources */ = {isa = PBXBuildFile; fileRef = 2E5786361BD5D40700C7B8FC /* Main.storyboard */; };
		2E57863A1BD5D40700C7B8FC /* Assets.xcassets in Resources */ = {isa = PBXBuildFile; fileRef = 2E5786391BD5D40700C7B8FC /* Assets.xcassets */; };
		2E57863D1BD5D40700C7B8FC /* LaunchScreen.storyboard in Resources */ = {isa = PBXBuildFile; fileRef = 2E57863B1BD5D40700C7B8FC /* LaunchScreen.storyboard */; };
		2E5786481BD5D40700C7B8FC /* OBReturnKeyTextFieldTests.m in Sources */ = {isa = PBXBuildFile; fileRef = 2E5786471BD5D40700C7B8FC /* OBReturnKeyTextFieldTests.m */; };
		2E5786531BD5D40700C7B8FC /* OBReturnKeyTextFieldUITests.m in Sources */ = {isa = PBXBuildFile; fileRef = 2E5786521BD5D40700C7B8FC /* OBReturnKeyTextFieldUITests.m */; };
		2E5786611BD5D4F100C7B8FC /* Podfile in Resources */ = {isa = PBXBuildFile; fileRef = 2E5786601BD5D4F100C7B8FC /* Podfile */; settings = {ASSET_TAGS = (); }; };
		2E5786681BD5D81200C7B8FC /* OBReturnKeyTextField.m in Sources */ = {isa = PBXBuildFile; fileRef = 2E5786671BD5D81200C7B8FC /* OBReturnKeyTextField.m */; settings = {ASSET_TAGS = (); }; };
		8BF8E46C056B8570A41114F7 /* libPods.a in Frameworks */ = {isa = PBXBuildFile; fileRef = 09B869EC420A6FCB02BE8A41 /* libPods.a */; };
/* End PBXBuildFile section */

/* Begin PBXContainerItemProxy section */
		2E5786441BD5D40700C7B8FC /* PBXContainerItemProxy */ = {
			isa = PBXContainerItemProxy;
			containerPortal = 2E5786221BD5D40700C7B8FC /* Project object */;
			proxyType = 1;
			remoteGlobalIDString = 2E5786291BD5D40700C7B8FC;
			remoteInfo = OBReturnKeyTextField;
		};
		2E57864F1BD5D40700C7B8FC /* PBXContainerItemProxy */ = {
			isa = PBXContainerItemProxy;
			containerPortal = 2E5786221BD5D40700C7B8FC /* Project object */;
			proxyType = 1;
			remoteGlobalIDString = 2E5786291BD5D40700C7B8FC;
			remoteInfo = OBReturnKeyTextField;
		};
/* End PBXContainerItemProxy section */

/* Begin PBXFileReference section */
		09B869EC420A6FCB02BE8A41 /* libPods.a */ = {isa = PBXFileReference; explicitFileType = archive.ar; includeInIndex = 0; path = libPods.a; sourceTree = BUILT_PRODUCTS_DIR; };
		2E57862A1BD5D40700C7B8FC /* OBReturnKeyTextField.app */ = {isa = PBXFileReference; explicitFileType = wrapper.application; includeInIndex = 0; path = OBReturnKeyTextField.app; sourceTree = BUILT_PRODUCTS_DIR; };
		2E57862E1BD5D40700C7B8FC /* main.m */ = {isa = PBXFileReference; lastKnownFileType = sourcecode.c.objc; path = main.m; sourceTree = "<group>"; };
		2E5786301BD5D40700C7B8FC /* AppDelegate.h */ = {isa = PBXFileReference; lastKnownFileType = sourcecode.c.h; path = AppDelegate.h; sourceTree = "<group>"; };
		2E5786311BD5D40700C7B8FC /* AppDelegate.m */ = {isa = PBXFileReference; lastKnownFileType = sourcecode.c.objc; path = AppDelegate.m; sourceTree = "<group>"; };
		2E5786331BD5D40700C7B8FC /* ViewController.h */ = {isa = PBXFileReference; lastKnownFileType = sourcecode.c.h; path = ViewController.h; sourceTree = "<group>"; };
		2E5786341BD5D40700C7B8FC /* ViewController.m */ = {isa = PBXFileReference; lastKnownFileType = sourcecode.c.objc; path = ViewController.m; sourceTree = "<group>"; };
		2E5786371BD5D40700C7B8FC /* Base */ = {isa = PBXFileReference; lastKnownFileType = file.storyboard; name = Base; path = Base.lproj/Main.storyboard; sourceTree = "<group>"; };
		2E5786391BD5D40700C7B8FC /* Assets.xcassets */ = {isa = PBXFileReference; lastKnownFileType = folder.assetcatalog; path = Assets.xcassets; sourceTree = "<group>"; };
		2E57863C1BD5D40700C7B8FC /* Base */ = {isa = PBXFileReference; lastKnownFileType = file.storyboard; name = Base; path = Base.lproj/LaunchScreen.storyboard; sourceTree = "<group>"; };
		2E57863E1BD5D40700C7B8FC /* Info.plist */ = {isa = PBXFileReference; lastKnownFileType = text.plist.xml; path = Info.plist; sourceTree = "<group>"; };
		2E5786431BD5D40700C7B8FC /* OBReturnKeyTextFieldTests.xctest */ = {isa = PBXFileReference; explicitFileType = wrapper.cfbundle; includeInIndex = 0; path = OBReturnKeyTextFieldTests.xctest; sourceTree = BUILT_PRODUCTS_DIR; };
		2E5786471BD5D40700C7B8FC /* OBReturnKeyTextFieldTests.m */ = {isa = PBXFileReference; lastKnownFileType = sourcecode.c.objc; path = OBReturnKeyTextFieldTests.m; sourceTree = "<group>"; };
		2E5786491BD5D40700C7B8FC /* Info.plist */ = {isa = PBXFileReference; lastKnownFileType = text.plist.xml; path = Info.plist; sourceTree = "<group>"; };
		2E57864E1BD5D40700C7B8FC /* OBReturnKeyTextFieldUITests.xctest */ = {isa = PBXFileReference; explicitFileType = wrapper.cfbundle; includeInIndex = 0; path = OBReturnKeyTextFieldUITests.xctest; sourceTree = BUILT_PRODUCTS_DIR; };
		2E5786521BD5D40700C7B8FC /* OBReturnKeyTextFieldUITests.m */ = {isa = PBXFileReference; lastKnownFileType = sourcecode.c.objc; path = OBReturnKeyTextFieldUITests.m; sourceTree = "<group>"; };
		2E5786541BD5D40700C7B8FC /* Info.plist */ = {isa = PBXFileReference; lastKnownFileType = text.plist.xml; path = Info.plist; sourceTree = "<group>"; };
		2E5786601BD5D4F100C7B8FC /* Podfile */ = {isa = PBXFileReference; fileEncoding = 4; lastKnownFileType = text; path = Podfile; sourceTree = SOURCE_ROOT; };
		2E5786661BD5D81200C7B8FC /* OBReturnKeyTextField.h */ = {isa = PBXFileReference; fileEncoding = 4; lastKnownFileType = sourcecode.c.h; name = OBReturnKeyTextField.h; path = OBReturnKeyTextField/OBReturnKeyTextField.h; sourceTree = "<group>"; };
		2E5786671BD5D81200C7B8FC /* OBReturnKeyTextField.m */ = {isa = PBXFileReference; fileEncoding = 4; lastKnownFileType = sourcecode.c.objc; name = OBReturnKeyTextField.m; path = OBReturnKeyTextField/OBReturnKeyTextField.m; sourceTree = "<group>"; };
		69D559757ED0B56E29BBF8F2 /* Pods.release.xcconfig */ = {isa = PBXFileReference; includeInIndex = 1; lastKnownFileType = text.xcconfig; name = Pods.release.xcconfig; path = "Pods/Target Support Files/Pods/Pods.release.xcconfig"; sourceTree = "<group>"; };
		DD1BC98E3577EE594EBB31A0 /* Pods.debug.xcconfig */ = {isa = PBXFileReference; includeInIndex = 1; lastKnownFileType = text.xcconfig; name = Pods.debug.xcconfig; path = "Pods/Target Support Files/Pods/Pods.debug.xcconfig"; sourceTree = "<group>"; };
/* End PBXFileReference section */

/* Begin PBXFrameworksBuildPhase section */
		2E5786271BD5D40700C7B8FC /* Frameworks */ = {
			isa = PBXFrameworksBuildPhase;
			buildActionMask = 2147483647;
			files = (
				8BF8E46C056B8570A41114F7 /* libPods.a in Frameworks */,
			);
			runOnlyForDeploymentPostprocessing = 0;
		};
		2E5786401BD5D40700C7B8FC /* Frameworks */ = {
			isa = PBXFrameworksBuildPhase;
			buildActionMask = 2147483647;
			files = (
			);
			runOnlyForDeploymentPostprocessing = 0;
		};
		2E57864B1BD5D40700C7B8FC /* Frameworks */ = {
			isa = PBXFrameworksBuildPhase;
			buildActionMask = 2147483647;
			files = (
			);
			runOnlyForDeploymentPostprocessing = 0;
		};
/* End PBXFrameworksBuildPhase section */

/* Begin PBXGroup section */
		2E5786211BD5D40700C7B8FC = {
			isa = PBXGroup;
			children = (
				2E57862C1BD5D40700C7B8FC /* OBReturnKeyTextField */,
				2E5786461BD5D40700C7B8FC /* OBReturnKeyTextFieldTests */,
				2E5786511BD5D40700C7B8FC /* OBReturnKeyTextFieldUITests */,
				2E57862B1BD5D40700C7B8FC /* Products */,
				760AE9E9FAC1BB857F28BDF4 /* Pods */,
				4CD57AA55561956169C969DE /* Frameworks */,
			);
			sourceTree = "<group>";
		};
		2E57862B1BD5D40700C7B8FC /* Products */ = {
			isa = PBXGroup;
			children = (
				2E57862A1BD5D40700C7B8FC /* OBReturnKeyTextField.app */,
				2E5786431BD5D40700C7B8FC /* OBReturnKeyTextFieldTests.xctest */,
				2E57864E1BD5D40700C7B8FC /* OBReturnKeyTextFieldUITests.xctest */,
			);
			name = Products;
			sourceTree = "<group>";
		};
		2E57862C1BD5D40700C7B8FC /* OBReturnKeyTextField */ = {
			isa = PBXGroup;
			children = (
				2E5786301BD5D40700C7B8FC /* AppDelegate.h */,
				2E5786311BD5D40700C7B8FC /* AppDelegate.m */,
				2E5786331BD5D40700C7B8FC /* ViewController.h */,
				2E5786341BD5D40700C7B8FC /* ViewController.m */,
				2E5786651BD5D7F000C7B8FC /* OBReturnKeyTextField */,
				2E5786361BD5D40700C7B8FC /* Main.storyboard */,
				2E5786391BD5D40700C7B8FC /* Assets.xcassets */,
				2E57863B1BD5D40700C7B8FC /* LaunchScreen.storyboard */,
				2E57863E1BD5D40700C7B8FC /* Info.plist */,
				2E5786601BD5D4F100C7B8FC /* Podfile */,
				2E57862D1BD5D40700C7B8FC /* Supporting Files */,
			);
			path = OBReturnKeyTextField;
			sourceTree = "<group>";
		};
		2E57862D1BD5D40700C7B8FC /* Supporting Files */ = {
			isa = PBXGroup;
			children = (
				2E57862E1BD5D40700C7B8FC /* main.m */,
			);
			name = "Supporting Files";
			sourceTree = "<group>";
		};
		2E5786461BD5D40700C7B8FC /* OBReturnKeyTextFieldTests */ = {
			isa = PBXGroup;
			children = (
				2E5786471BD5D40700C7B8FC /* OBReturnKeyTextFieldTests.m */,
				2E5786491BD5D40700C7B8FC /* Info.plist */,
			);
			path = OBReturnKeyTextFieldTests;
			sourceTree = "<group>";
		};
		2E5786511BD5D40700C7B8FC /* OBReturnKeyTextFieldUITests */ = {
			isa = PBXGroup;
			children = (
				2E5786521BD5D40700C7B8FC /* OBReturnKeyTextFieldUITests.m */,
				2E5786541BD5D40700C7B8FC /* Info.plist */,
			);
			path = OBReturnKeyTextFieldUITests;
			sourceTree = "<group>";
		};
		2E5786651BD5D7F000C7B8FC /* OBReturnKeyTextField */ = {
			isa = PBXGroup;
			children = (
				2E5786661BD5D81200C7B8FC /* OBReturnKeyTextField.h */,
				2E5786671BD5D81200C7B8FC /* OBReturnKeyTextField.m */,
			);
			name = OBReturnKeyTextField;
			sourceTree = "<group>";
		};
		4CD57AA55561956169C969DE /* Frameworks */ = {
			isa = PBXGroup;
			children = (
				09B869EC420A6FCB02BE8A41 /* libPods.a */,
			);
			name = Frameworks;
			sourceTree = "<group>";
		};
		760AE9E9FAC1BB857F28BDF4 /* Pods */ = {
			isa = PBXGroup;
			children = (
				DD1BC98E3577EE594EBB31A0 /* Pods.debug.xcconfig */,
				69D559757ED0B56E29BBF8F2 /* Pods.release.xcconfig */,
			);
			name = Pods;
			sourceTree = "<group>";
		};
/* End PBXGroup section */

/* Begin PBXNativeTarget section */
		2E5786291BD5D40700C7B8FC /* OBReturnKeyTextField */ = {
			isa = PBXNativeTarget;
			buildConfigurationList = 2E5786571BD5D40700C7B8FC /* Build configuration list for PBXNativeTarget "OBReturnKeyTextField" */;
			buildPhases = (
				F5DE2C5535555ED188186D96 /* Check Pods Manifest.lock */,
				2E5786261BD5D40700C7B8FC /* Sources */,
				2E5786271BD5D40700C7B8FC /* Frameworks */,
				2E5786281BD5D40700C7B8FC /* Resources */,
				A193D97ABAA2BA838E558EDE /* Copy Pods Resources */,
			);
			buildRules = (
			);
			dependencies = (
			);
			name = OBReturnKeyTextField;
			productName = OBReturnKeyTextField;
			productReference = 2E57862A1BD5D40700C7B8FC /* OBReturnKeyTextField.app */;
			productType = "com.apple.product-type.application";
		};
		2E5786421BD5D40700C7B8FC /* OBReturnKeyTextFieldTests */ = {
			isa = PBXNativeTarget;
			buildConfigurationList = 2E57865A1BD5D40700C7B8FC /* Build configuration list for PBXNativeTarget "OBReturnKeyTextFieldTests" */;
			buildPhases = (
				2E57863F1BD5D40700C7B8FC /* Sources */,
				2E5786401BD5D40700C7B8FC /* Frameworks */,
				2E5786411BD5D40700C7B8FC /* Resources */,
			);
			buildRules = (
			);
			dependencies = (
				2E5786451BD5D40700C7B8FC /* PBXTargetDependency */,
			);
			name = OBReturnKeyTextFieldTests;
			productName = OBReturnKeyTextFieldTests;
			productReference = 2E5786431BD5D40700C7B8FC /* OBReturnKeyTextFieldTests.xctest */;
			productType = "com.apple.product-type.bundle.unit-test";
		};
		2E57864D1BD5D40700C7B8FC /* OBReturnKeyTextFieldUITests */ = {
			isa = PBXNativeTarget;
			buildConfigurationList = 2E57865D1BD5D40700C7B8FC /* Build configuration list for PBXNativeTarget "OBReturnKeyTextFieldUITests" */;
			buildPhases = (
				2E57864A1BD5D40700C7B8FC /* Sources */,
				2E57864B1BD5D40700C7B8FC /* Frameworks */,
				2E57864C1BD5D40700C7B8FC /* Resources */,
			);
			buildRules = (
			);
			dependencies = (
				2E5786501BD5D40700C7B8FC /* PBXTargetDependency */,
			);
			name = OBReturnKeyTextFieldUITests;
			productName = OBReturnKeyTextFieldUITests;
			productReference = 2E57864E1BD5D40700C7B8FC /* OBReturnKeyTextFieldUITests.xctest */;
			productType = "com.apple.product-type.bundle.ui-testing";
		};
/* End PBXNativeTarget section */

/* Begin PBXProject section */
		2E5786221BD5D40700C7B8FC /* Project object */ = {
			isa = PBXProject;
			attributes = {
				LastUpgradeCheck = 0700;
				ORGANIZATIONNAME = CodeInteractiveApps;
				TargetAttributes = {
					2E5786291BD5D40700C7B8FC = {
						CreatedOnToolsVersion = 7.0.1;
					};
					2E5786421BD5D40700C7B8FC = {
						CreatedOnToolsVersion = 7.0.1;
						TestTargetID = 2E5786291BD5D40700C7B8FC;
					};
					2E57864D1BD5D40700C7B8FC = {
						CreatedOnToolsVersion = 7.0.1;
						TestTargetID = 2E5786291BD5D40700C7B8FC;
					};
				};
			};
			buildConfigurationList = 2E5786251BD5D40700C7B8FC /* Build configuration list for PBXProject "OBReturnKeyTextField" */;
			compatibilityVersion = "Xcode 3.2";
			developmentRegion = English;
			hasScannedForEncodings = 0;
			knownRegions = (
				en,
				Base,
			);
			mainGroup = 2E5786211BD5D40700C7B8FC;
			productRefGroup = 2E57862B1BD5D40700C7B8FC /* Products */;
			projectDirPath = "";
			projectRoot = "";
			targets = (
				2E5786291BD5D40700C7B8FC /* OBReturnKeyTextField */,
				2E5786421BD5D40700C7B8FC /* OBReturnKeyTextFieldTests */,
				2E57864D1BD5D40700C7B8FC /* OBReturnKeyTextFieldUITests */,
			);
		};
/* End PBXProject section */

/* Begin PBXResourcesBuildPhase section */
		2E5786281BD5D40700C7B8FC /* Resources */ = {
			isa = PBXResourcesBuildPhase;
			buildActionMask = 2147483647;
			files = (
				2E57863D1BD5D40700C7B8FC /* LaunchScreen.storyboard in Resources */,
				2E57863A1BD5D40700C7B8FC /* Assets.xcassets in Resources */,
				2E5786611BD5D4F100C7B8FC /* Podfile in Resources */,
				2E5786381BD5D40700C7B8FC /* Main.storyboard in Resources */,
			);
			runOnlyForDeploymentPostprocessing = 0;
		};
		2E5786411BD5D40700C7B8FC /* Resources */ = {
			isa = PBXResourcesBuildPhase;
			buildActionMask = 2147483647;
			files = (
			);
			runOnlyForDeploymentPostprocessing = 0;
		};
		2E57864C1BD5D40700C7B8FC /* Resources */ = {
			isa = PBXResourcesBuildPhase;
			buildActionMask = 2147483647;
			files = (
			);
			runOnlyForDeploymentPostprocessing = 0;
		};
/* End PBXResourcesBuildPhase section */

/* Begin PBXShellScriptBuildPhase section */
		A193D97ABAA2BA838E558EDE /* Copy Pods Resources */ = {
			isa = PBXShellScriptBuildPhase;
			buildActionMask = 2147483647;
			files = (
			);
			inputPaths = (
			);
			name = "Copy Pods Resources";
			outputPaths = (
			);
			runOnlyForDeploymentPostprocessing = 0;
			shellPath = /bin/sh;
			shellScript = "\"${SRCROOT}/Pods/Target Support Files/Pods/Pods-resources.sh\"\n";
			showEnvVarsInLog = 0;
		};
		F5DE2C5535555ED188186D96 /* Check Pods Manifest.lock */ = {
			isa = PBXShellScriptBuildPhase;
			buildActionMask = 2147483647;
			files = (
			);
			inputPaths = (
			);
			name = "Check Pods Manifest.lock";
			outputPaths = (
			);
			runOnlyForDeploymentPostprocessing = 0;
			shellPath = /bin/sh;
			shellScript = "diff \"${PODS_ROOT}/../Podfile.lock\" \"${PODS_ROOT}/Manifest.lock\" > /dev/null\nif [[ $? != 0 ]] ; then\n    cat << EOM\nerror: The sandbox is not in sync with the Podfile.lock. Run 'pod install' or update your CocoaPods installation.\nEOM\n    exit 1\nfi\n";
			showEnvVarsInLog = 0;
		};
/* End PBXShellScriptBuildPhase section */

/* Begin PBXSourcesBuildPhase section */
		2E5786261BD5D40700C7B8FC /* Sources */ = {
			isa = PBXSourcesBuildPhase;
			buildActionMask = 2147483647;
			files = (
				2E5786681BD5D81200C7B8FC /* OBReturnKeyTextField.m in Sources */,
				2E5786351BD5D40700C7B8FC /* ViewController.m in Sources */,
				2E5786321BD5D40700C7B8FC /* AppDelegate.m in Sources */,
				2E57862F1BD5D40700C7B8FC /* main.m in Sources */,
			);
			runOnlyForDeploymentPostprocessing = 0;
		};
		2E57863F1BD5D40700C7B8FC /* Sources */ = {
			isa = PBXSourcesBuildPhase;
			buildActionMask = 2147483647;
			files = (
				2E5786481BD5D40700C7B8FC /* OBReturnKeyTextFieldTests.m in Sources */,
			);
			runOnlyForDeploymentPostprocessing = 0;
		};
		2E57864A1BD5D40700C7B8FC /* Sources */ = {
			isa = PBXSourcesBuildPhase;
			buildActionMask = 2147483647;
			files = (
				2E5786531BD5D40700C7B8FC /* OBReturnKeyTextFieldUITests.m in Sources */,
			);
			runOnlyForDeploymentPostprocessing = 0;
		};
/* End PBXSourcesBuildPhase section */

/* Begin PBXTargetDependency section */
		2E5786451BD5D40700C7B8FC /* PBXTargetDependency */ = {
			isa = PBXTargetDependency;
			target = 2E5786291BD5D40700C7B8FC /* OBReturnKeyTextField */;
			targetProxy = 2E5786441BD5D40700C7B8FC /* PBXContainerItemProxy */;
		};
		2E5786501BD5D40700C7B8FC /* PBXTargetDependency */ = {
			isa = PBXTargetDependency;
			target = 2E5786291BD5D40700C7B8FC /* OBReturnKeyTextField */;
			targetProxy = 2E57864F1BD5D40700C7B8FC /* PBXContainerItemProxy */;
		};
/* End PBXTargetDependency section */

/* Begin PBXVariantGroup section */
		2E5786361BD5D40700C7B8FC /* Main.storyboard */ = {
			isa = PBXVariantGroup;
			children = (
				2E5786371BD5D40700C7B8FC /* Base */,
			);
			name = Main.storyboard;
			sourceTree = "<group>";
		};
		2E57863B1BD5D40700C7B8FC /* LaunchScreen.storyboard */ = {
			isa = PBXVariantGroup;
			children = (
				2E57863C1BD5D40700C7B8FC /* Base */,
			);
			name = LaunchScreen.storyboard;
			sourceTree = "<group>";
		};
/* End PBXVariantGroup section */

/* Begin XCBuildConfiguration section */
		2E5786551BD5D40700C7B8FC /* Debug */ = {
			isa = XCBuildConfiguration;
			buildSettings = {
				ALWAYS_SEARCH_USER_PATHS = NO;
				CLANG_CXX_LANGUAGE_STANDARD = "gnu++0x";
				CLANG_CXX_LIBRARY = "libc++";
				CLANG_ENABLE_MODULES = YES;
				CLANG_ENABLE_OBJC_ARC = YES;
				CLANG_WARN_BOOL_CONVERSION = YES;
				CLANG_WARN_CONSTANT_CONVERSION = YES;
				CLANG_WARN_DIRECT_OBJC_ISA_USAGE = YES_ERROR;
				CLANG_WARN_EMPTY_BODY = YES;
				CLANG_WARN_ENUM_CONVERSION = YES;
				CLANG_WARN_INT_CONVERSION = YES;
				CLANG_WARN_OBJC_ROOT_CLASS = YES_ERROR;
				CLANG_WARN_UNREACHABLE_CODE = YES;
				CLANG_WARN__DUPLICATE_METHOD_MATCH = YES;
				"CODE_SIGN_IDENTITY[sdk=iphoneos*]" = "iPhone Developer";
				COPY_PHASE_STRIP = NO;
				DEBUG_INFORMATION_FORMAT = dwarf;
				ENABLE_STRICT_OBJC_MSGSEND = YES;
				ENABLE_TESTABILITY = YES;
				GCC_C_LANGUAGE_STANDARD = gnu99;
				GCC_DYNAMIC_NO_PIC = NO;
				GCC_NO_COMMON_BLOCKS = YES;
				GCC_OPTIMIZATION_LEVEL = 0;
				GCC_PREPROCESSOR_DEFINITIONS = (
					"DEBUG=1",
					"$(inherited)",
				);
				GCC_WARN_64_TO_32_BIT_CONVERSION = YES;
				GCC_WARN_ABOUT_RETURN_TYPE = YES_ERROR;
				GCC_WARN_UNDECLARED_SELECTOR = YES;
				GCC_WARN_UNINITIALIZED_AUTOS = YES_AGGRESSIVE;
				GCC_WARN_UNUSED_FUNCTION = YES;
				GCC_WARN_UNUSED_VARIABLE = YES;
				IPHONEOS_DEPLOYMENT_TARGET = 9.0;
				MTL_ENABLE_DEBUG_INFO = YES;
				ONLY_ACTIVE_ARCH = YES;
				SDKROOT = iphoneos;
			};
			name = Debug;
		};
		2E5786561BD5D40700C7B8FC /* Release */ = {
			isa = XCBuildConfiguration;
			buildSettings = {
				ALWAYS_SEARCH_USER_PATHS = NO;
				CLANG_CXX_LANGUAGE_STANDARD = "gnu++0x";
				CLANG_CXX_LIBRARY = "libc++";
				CLANG_ENABLE_MODULES = YES;
				CLANG_ENABLE_OBJC_ARC = YES;
				CLANG_WARN_BOOL_CONVERSION = YES;
				CLANG_WARN_CONSTANT_CONVERSION = YES;
				CLANG_WARN_DIRECT_OBJC_ISA_USAGE = YES_ERROR;
				CLANG_WARN_EMPTY_BODY = YES;
				CLANG_WARN_ENUM_CONVERSION = YES;
				CLANG_WARN_INT_CONVERSION = YES;
				CLANG_WARN_OBJC_ROOT_CLASS = YES_ERROR;
				CLANG_WARN_UNREACHABLE_CODE = YES;
				CLANG_WARN__DUPLICATE_METHOD_MATCH = YES;
				"CODE_SIGN_IDENTITY[sdk=iphoneos*]" = "iPhone Developer";
				COPY_PHASE_STRIP = NO;
				DEBUG_INFORMATION_FORMAT = "dwarf-with-dsym";
				ENABLE_NS_ASSERTIONS = NO;
				ENABLE_STRICT_OBJC_MSGSEND = YES;
				GCC_C_LANGUAGE_STANDARD = gnu99;
				GCC_NO_COMMON_BLOCKS = YES;
				GCC_WARN_64_TO_32_BIT_CONVERSION = YES;
				GCC_WARN_ABOUT_RETURN_TYPE = YES_ERROR;
				GCC_WARN_UNDECLARED_SELECTOR = YES;
				GCC_WARN_UNINITIALIZED_AUTOS = YES_AGGRESSIVE;
				GCC_WARN_UNUSED_FUNCTION = YES;
				GCC_WARN_UNUSED_VARIABLE = YES;
				IPHONEOS_DEPLOYMENT_TARGET = 9.0;
				MTL_ENABLE_DEBUG_INFO = NO;
				SDKROOT = iphoneos;
				VALIDATE_PRODUCT = YES;
			};
			name = Release;
		};
		2E5786581BD5D40700C7B8FC /* Debug */ = {
			isa = XCBuildConfiguration;
			baseConfigurationReference = DD1BC98E3577EE594EBB31A0 /* Pods.debug.xcconfig */;
			buildSettings = {
				ASSETCATALOG_COMPILER_APPICON_NAME = AppIcon;
				INFOPLIST_FILE = OBReturnKeyTextField/Info.plist;
				LD_RUNPATH_SEARCH_PATHS = "$(inherited) @executable_path/Frameworks";
				PRODUCT_BUNDLE_IDENTIFIER = "com.-CodeInteractiveApps.OBReturnKeyTextField";
				PRODUCT_NAME = "$(TARGET_NAME)";
			};
			name = Debug;
		};
		2E5786591BD5D40700C7B8FC /* Release */ = {
			isa = XCBuildConfiguration;
			baseConfigurationReference = 69D559757ED0B56E29BBF8F2 /* Pods.release.xcconfig */;
			buildSettings = {
				ASSETCATALOG_COMPILER_APPICON_NAME = AppIcon;
				INFOPLIST_FILE = OBReturnKeyTextField/Info.plist;
				LD_RUNPATH_SEARCH_PATHS = "$(inherited) @executable_path/Frameworks";
				PRODUCT_BUNDLE_IDENTIFIER = "com.-CodeInteractiveApps.OBReturnKeyTextField";
				PRODUCT_NAME = "$(TARGET_NAME)";
			};
			name = Release;
		};
		2E57865B1BD5D40700C7B8FC /* Debug */ = {
			isa = XCBuildConfiguration;
			buildSettings = {
				BUNDLE_LOADER = "$(TEST_HOST)";
				INFOPLIST_FILE = OBReturnKeyTextFieldTests/Info.plist;
				LD_RUNPATH_SEARCH_PATHS = "$(inherited) @executable_path/Frameworks @loader_path/Frameworks";
				PRODUCT_BUNDLE_IDENTIFIER = "com.-CodeInteractiveApps.OBReturnKeyTextFieldTests";
				PRODUCT_NAME = "$(TARGET_NAME)";
				TEST_HOST = "$(BUILT_PRODUCTS_DIR)/OBReturnKeyTextField.app/OBReturnKeyTextField";
			};
			name = Debug;
		};
		2E57865C1BD5D40700C7B8FC /* Release */ = {
			isa = XCBuildConfiguration;
			buildSettings = {
				BUNDLE_LOADER = "$(TEST_HOST)";
				INFOPLIST_FILE = OBReturnKeyTextFieldTests/Info.plist;
				LD_RUNPATH_SEARCH_PATHS = "$(inherited) @executable_path/Frameworks @loader_path/Frameworks";
				PRODUCT_BUNDLE_IDENTIFIER = "com.-CodeInteractiveApps.OBReturnKeyTextFieldTests";
				PRODUCT_NAME = "$(TARGET_NAME)";
				TEST_HOST = "$(BUILT_PRODUCTS_DIR)/OBReturnKeyTextField.app/OBReturnKeyTextField";
			};
			name = Release;
		};
		2E57865E1BD5D40700C7B8FC /* Debug */ = {
			isa = XCBuildConfiguration;
			buildSettings = {
				INFOPLIST_FILE = OBReturnKeyTextFieldUITests/Info.plist;
				LD_RUNPATH_SEARCH_PATHS = "$(inherited) @executable_path/Frameworks @loader_path/Frameworks";
				PRODUCT_BUNDLE_IDENTIFIER = "com.-CodeInteractiveApps.OBReturnKeyTextFieldUITests";
				PRODUCT_NAME = "$(TARGET_NAME)";
				TEST_TARGET_NAME = OBReturnKeyTextField;
				USES_XCTRUNNER = YES;
			};
			name = Debug;
		};
		2E57865F1BD5D40700C7B8FC /* Release */ = {
			isa = XCBuildConfiguration;
			buildSettings = {
				INFOPLIST_FILE = OBReturnKeyTextFieldUITests/Info.plist;
				LD_RUNPATH_SEARCH_PATHS = "$(inherited) @executable_path/Frameworks @loader_path/Frameworks";
				PRODUCT_BUNDLE_IDENTIFIER = "com.-CodeInteractiveApps.OBReturnKeyTextFieldUITests";
				PRODUCT_NAME = "$(TARGET_NAME)";
				TEST_TARGET_NAME = OBReturnKeyTextField;
				USES_XCTRUNNER = YES;
			};
			name = Release;
		};
/* End XCBuildConfiguration section */

/* Begin XCConfigurationList section */
		2E5786251BD5D40700C7B8FC /* Build configuration list for PBXProject "OBReturnKeyTextField" */ = {
			isa = XCConfigurationList;
			buildConfigurations = (
				2E5786551BD5D40700C7B8FC /* Debug */,
				2E5786561BD5D40700C7B8FC /* Release */,
			);
			defaultConfigurationIsVisible = 0;
			defaultConfigurationName = Release;
		};
		2E5786571BD5D40700C7B8FC /* Build configuration list for PBXNativeTarget "OBReturnKeyTextField" */ = {
			isa = XCConfigurationList;
			buildConfigurations = (
				2E5786581BD5D40700C7B8FC /* Debug */,
				2E5786591BD5D40700C7B8FC /* Release */,
			);
			defaultConfigurationIsVisible = 0;
			defaultConfigurationName = Release;
		};
		2E57865A1BD5D40700C7B8FC /* Build configuration list for PBXNativeTarget "OBReturnKeyTextFieldTests" */ = {
			isa = XCConfigurationList;
			buildConfigurations = (
				2E57865B1BD5D40700C7B8FC /* Debug */,
				2E57865C1BD5D40700C7B8FC /* Release */,
			);
			defaultConfigurationIsVisible = 0;
			defaultConfigurationName = Release;
		};
		2E57865D1BD5D40700C7B8FC /* Build configuration list for PBXNativeTarget "OBReturnKeyTextFieldUITests" */ = {
			isa = XCConfigurationList;
			buildConfigurations = (
				2E57865E1BD5D40700C7B8FC /* Debug */,
				2E57865F1BD5D40700C7B8FC /* Release */,
			);
			defaultConfigurationIsVisible = 0;
			defaultConfigurationName = Release;
		};
/* End XCConfigurationList section */
	};
	rootObject = 2E5786221BD5D40700C7B8FC /* Project object */;
}
